
Microsoft Visual Studio Solution File, Format Version 12.00
# Visual Studio Version 16
VisualStudioVersion = 16.0.32002.261
MinimumVisualStudioVersion = 10.0.40219.1
Project("{FAE04EC0-301F-11D3-BF4B-00C04F79EFBC}") = "amzSuggestions", "amzSuggestions\amzSuggestions.csproj", "{A5EF68D4-3F57-4FDE-B2E3-9BD8BAE43794}"
EndProject
Project("{FAE04EC0-301F-11D3-BF4B-00C04F79EFBC}") = "amzFreshPromo", "amzFreshPromo\amzFreshPromo.csproj", "{B818DD7E-5C54-4E9B-9372-55895414E140}"
EndProject
Project("{FAE04EC0-301F-11D3-BF4B-00C04F79EFBC}") = "amzSuggestions.tests", "amzSuggestions.tests\amzSuggestions.tests.csproj", "{79FA60B0-58F9-43B9-ADD4-FFAA4AD5C424}"
EndProject
Project("{FAE04EC0-301F-11D3-BF4B-00C04F79EFBC}") = "amzFreshPromo.tests", "amzFreshPromo.tests\amzFreshPromo.tests.csproj", "{96FC6629-EC63-42F6-BBA7-0BC2F1F6B506}"
EndProject
Global
	GlobalSection(SolutionConfigurationPlatforms) = preSolution
		Debug|Any CPU = Debug|Any CPU
		Release|Any CPU = Release|Any CPU
	EndGlobalSection
	GlobalSection(ProjectConfigurationPlatforms) = postSolution
		{A5EF68D4-3F57-4FDE-B2E3-9BD8BAE43794}.Debug|Any CPU.ActiveCfg = Debug|Any CPU
		{A5EF68D4-3F57-4FDE-B2E3-9BD8BAE43794}.Debug|Any CPU.Build.0 = Debug|Any CPU
		{A5EF68D4-3F57-4FDE-B2E3-9BD8BAE43794}.Release|Any CPU.ActiveCfg = Release|Any CPU
		{A5EF68D4-3F57-4FDE-B2E3-9BD8BAE43794}.Release|Any CPU.Build.0 = Release|Any CPU
		{B818DD7E-5C54-4E9B-9372-55895414E140}.Debug|Any CPU.ActiveCfg = Debug|Any CPU
		{B818DD7E-5C54-4E9B-9372-55895414E140}.Debug|Any CPU.Build.0 = Debug|Any CPU
		{B818DD7E-5C54-4E9B-9372-55895414E140}.Release|Any CPU.ActiveCfg = Release|Any CPU
		{B818DD7E-5C54-4E9B-9372-55895414E140}.Release|Any CPU.Build.0 = Release|Any CPU
		{79FA60B0-58F9-43B9-ADD4-FFAA4AD5C424}.Debug|Any CPU.ActiveCfg = Debug|Any CPU
		{79FA60B0-58F9-43B9-ADD4-FFAA4AD5C424}.Debug|Any CPU.Build.0 = Debug|Any CPU
		{79FA60B0-58F9-43B9-ADD4-FFAA4AD5C424}.Release|Any CPU.ActiveCfg = Release|Any CPU
		{79FA60B0-58F9-43B9-ADD4-FFAA4AD5C424}.Release|Any CPU.Build.0 = Release|Any CPU
		{96FC6629-EC63-42F6-BBA7-0BC2F1F6B506}.Debug|Any CPU.ActiveCfg = Debug|Any CPU
		{96FC6629-EC63-42F6-BBA7-0BC2F1F6B506}.Debug|Any CPU.Build.0 = Debug|Any CPU
		{96FC6629-EC63-42F6-BBA7-0BC2F1F6B506}.Release|Any CPU.ActiveCfg = Release|Any CPU
		{96FC6629-EC63-42F6-BBA7-0BC2F1F6B506}.Release|Any CPU.Build.0 = Release|Any CPU
	EndGlobalSection
	GlobalSection(SolutionProperties) = preSolution
		HideSolutionNode = FALSE
	EndGlobalSection
	GlobalSection(ExtensibilityGlobals) = postSolution
		SolutionGuid = {056758D2-2A3C-4648-8281-1D737055BDD8}
	EndGlobalSection
EndGlobal
